{
  "lockfile_version": "1",
  "packages": {
    "chart-testing@3.12.0": {
      "last_modified": "2025-02-16T00:50:12Z",
      "resolved": "github:NixOS/nixpkgs/1dcdd535fef84d4671129a10e7072d56dca9a4d3#chart-testing",
      "source": "devbox-search",
      "version": "3.12.0",
      "systems": {
        "aarch64-darwin": {
          "outputs": [
            {
              "name": "out",
              "path": "/nix/store/8i654x2s35s5hmczqqlkbr0v1pzf944n-chart-testing-3.12.0",
              "default": true
            }
          ],
          "store_path": "/nix/store/8i654x2s35s5hmczqqlkbr0v1pzf944n-chart-testing-3.12.0"
        },
        "aarch64-linux": {
          "outputs": [
            {
              "name": "out",
              "path": "/nix/store/k2xl3acz2a99x45bygaifilgmqmlydgs-chart-testing-3.12.0",
              "default": true
            }
          ],
          "store_path": "/nix/store/k2xl3acz2a99x45bygaifilgmqmlydgs-chart-testing-3.12.0"
        },
        "x86_64-darwin": {
          "outputs": [
            {
              "name": "out",
              "path": "/nix/store/s5ys6i3b08rhp00kds2z805nq55i5x75-chart-testing-3.12.0",
              "default": true
            }
          ],
          "store_path": "/nix/store/s5ys6i3b08rhp00kds2z805nq55i5x75-chart-testing-3.12.0"
        },
        "x86_64-linux": {
          "outputs": [
            {
              "name": "out",
              "path": "/nix/store/6lbfs1jkp56b7n11f4l3kc4hvdrdqzrl-chart-testing-3.12.0",
              "default": true
            }
          ],
          "store_path": "/nix/store/6lbfs1jkp56b7n11f4l3kc4hvdrdqzrl-chart-testing-3.12.0"
        }
      }
    },
    "helm-docs@1.14.2": {
      "last_modified": "2025-02-27T15:48:43Z",
      "resolved": "github:NixOS/nixpkgs/6c5c5f5100281f8f4ff23f13edd17d645178c87c#helm-docs",
      "source": "devbox-search",
      "version": "1.14.2",
      "systems": {
        "aarch64-darwin": {
          "outputs": [
            {
              "name": "out",
              "path": "/nix/store/5irc0r97b7rb6qnjdjf0wiz79m7fcf5x-helm-docs-1.14.2",
              "default": true
            }
          ],
          "store_path": "/nix/store/5irc0r97b7rb6qnjdjf0wiz79m7fcf5x-helm-docs-1.14.2"
        },
        "aarch64-linux": {
          "outputs": [
            {
              "name": "out",
              "path": "/nix/store/1jlwg2jjrm7r4dff9xyxa2slbqaf30rd-helm-docs-1.14.2",
              "default": true
            }
          ],
          "store_path": "/nix/store/1jlwg2jjrm7r4dff9xyxa2slbqaf30rd-helm-docs-1.14.2"
        },
        "x86_64-darwin": {
          "outputs": [
            {
              "name": "out",
              "path": "/nix/store/vhlzpjh5kgrw0khh2d3zck6gpayhdffb-helm-docs-1.14.2",
              "default": true
            }
          ],
          "store_path": "/nix/store/vhlzpjh5kgrw0khh2d3zck6gpayhdffb-helm-docs-1.14.2"
        },
        "x86_64-linux": {
          "outputs": [
            {
              "name": "out",
              "path": "/nix/store/z2yicv7c4pg2jhxcz02g20wbwlaqapgx-helm-docs-1.14.2",
              "default": true
            }
          ],
          "store_path": "/nix/store/z2yicv7c4pg2jhxcz02g20wbwlaqapgx-helm-docs-1.14.2"
        }
      }
    },
    "kubeconform@0.6.7": {
      "last_modified": "2025-02-07T11:26:36Z",
      "resolved": "github:NixOS/nixpkgs/d98abf5cf5914e5e4e9d57205e3af55ca90ffc1d#kubeconform",
      "source": "devbox-search",
      "version": "0.6.7",
      "systems": {
        "aarch64-darwin": {
          "outputs": [
            {
              "name": "out",
              "path": "/nix/store/9585w4ky7jy18qnq15qafvpxx85gdb40-kubeconform-0.6.7",
              "default": true
            }
          ],
          "store_path": "/nix/store/9585w4ky7jy18qnq15qafvpxx85gdb40-kubeconform-0.6.7"
        },
        "aarch64-linux": {
          "outputs": [
            {
              "name": "out",
              "path": "/nix/store/nb8yb5ah0hap8c3bsyks4dkmsbg7859v-kubeconform-0.6.7",
              "default": true
            }
          ],
          "store_path": "/nix/store/nb8yb5ah0hap8c3bsyks4dkmsbg7859v-kubeconform-0.6.7"
        },
        "x86_64-darwin": {
          "outputs": [
            {
              "name": "out",
              "path": "/nix/store/7ivf0dxz5jdf6rls128ds0l24l52jj78-kubeconform-0.6.7",
              "default": true
            }
          ],
          "store_path": "/nix/store/7ivf0dxz5jdf6rls128ds0l24l52jj78-kubeconform-0.6.7"
        },
        "x86_64-linux": {
          "outputs": [
            {
              "name": "out",
              "path": "/nix/store/9wwbxxnxmxq5r7qh17q7vi87c1fxkw5d-kubeconform-0.6.7",
              "default": true
            }
          ],
          "store_path": "/nix/store/9wwbxxnxmxq5r7qh17q7vi87c1fxkw5d-kubeconform-0.6.7"
        }
      }
    },
    "kubernetes-helm@3.17.1": {
      "last_modified": "2025-02-13T21:40:15Z",
      "resolved": "github:NixOS/nixpkgs/ba0939c506a03c60a765cd7f7c43794816540eec#kubernetes-helm",
      "source": "devbox-search",
      "version": "3.17.1",
      "systems": {
        "aarch64-darwin": {
          "outputs": [
            {
              "name": "out",
              "path": "/nix/store/bzzy1zzckgl7sxr7jnsgf5vkskzd0qgv-kubernetes-helm-3.17.1",
              "default": true
            }
          ],
          "store_path": "/nix/store/bzzy1zzckgl7sxr7jnsgf5vkskzd0qgv-kubernetes-helm-3.17.1"
        },
        "aarch64-linux": {
          "outputs": [
            {
              "name": "out",
              "path": "/nix/store/v0ff1hymbd0sqlw0z3vszq7z0sjdd68l-kubernetes-helm-3.17.1",
              "default": true
            }
          ],
          "store_path": "/nix/store/v0ff1hymbd0sqlw0z3vszq7z0sjdd68l-kubernetes-helm-3.17.1"
        },
        "x86_64-darwin": {
          "outputs": [
            {
              "name": "out",
              "path": "/nix/store/b643xxmzx0k3v2fl6kq9lyajj99nhrcf-kubernetes-helm-3.17.1",
              "default": true
            }
          ],
          "store_path": "/nix/store/b643xxmzx0k3v2fl6kq9lyajj99nhrcf-kubernetes-helm-3.17.1"
        },
        "x86_64-linux": {
          "outputs": [
            {
              "name": "out",
              "path": "/nix/store/jnff4f0rfxp13bj7wld1yx6r26y4why7-kubernetes-helm-3.17.1",
              "default": true
            }
          ],
          "store_path": "/nix/store/jnff4f0rfxp13bj7wld1yx6r26y4why7-kubernetes-helm-3.17.1"
        }
      }
    },
    "yamale@6.0.0": {
      "last_modified": "2025-02-07T11:26:36Z",
      "resolved": "github:NixOS/nixpkgs/d98abf5cf5914e5e4e9d57205e3af55ca90ffc1d#yamale",
      "source": "devbox-search",
      "version": "6.0.0",
      "systems": {
        "aarch64-darwin": {
          "outputs": [
            {
              "name": "out",
              "path": "/nix/store/y96yina6zk9b5cnq8105z85ikaf3sv02-python3.12-yamale-6.0.0",
              "default": true
            },
            {
              "name": "dist",
              "path": "/nix/store/5ql4hfmr0k71flgn6xgyjblmlx3n82xy-python3.12-yamale-6.0.0-dist"
            }
          ],
          "store_path": "/nix/store/y96yina6zk9b5cnq8105z85ikaf3sv02-python3.12-yamale-6.0.0"
        },
        "aarch64-linux": {
          "outputs": [
            {
              "name": "out",
              "path": "/nix/store/dhw051w85zqyhzv960v78vv3fhgpkvpx-python3.12-yamale-6.0.0",
              "default": true
            },
            {
              "name": "dist",
              "path": "/nix/store/bh9ghlspz9q6hcld5297fgnc8cfbshvr-python3.12-yamale-6.0.0-dist"
            }
          ],
          "store_path": "/nix/store/dhw051w85zqyhzv960v78vv3fhgpkvpx-python3.12-yamale-6.0.0"
        },
        "x86_64-darwin": {
          "outputs": [
            {
              "name": "out",
              "path": "/nix/store/4jfmmk3daa7asa6cx8fdvsbw1c5yh038-python3.12-yamale-6.0.0",
              "default": true
            },
            {
              "name": "dist",
              "path": "/nix/store/p6dflyxaxcngx16cdp4kz6rcin4qbwxn-python3.12-yamale-6.0.0-dist"
            }
          ],
          "store_path": "/nix/store/4jfmmk3daa7asa6cx8fdvsbw1c5yh038-python3.12-yamale-6.0.0"
        },
        "x86_64-linux": {
          "outputs": [
            {
              "name": "out",
              "path": "/nix/store/6lxzds6v6zazaypkclmchmg22pg4g1ik-python3.12-yamale-6.0.0",
              "default": true
            },
            {
              "name": "dist",
              "path": "/nix/store/ba883ndgqd7q5v9shkgw1wvk77pwmb45-python3.12-yamale-6.0.0-dist"
            }
          ],
          "store_path": "/nix/store/6lxzds6v6zazaypkclmchmg22pg4g1ik-python3.12-yamale-6.0.0"
        }
      }
    },
    "yamllint@1.35.1": {
      "last_modified": "2025-02-07T11:26:36Z",
      "resolved": "github:NixOS/nixpkgs/d98abf5cf5914e5e4e9d57205e3af55ca90ffc1d#yamllint",
      "source": "devbox-search",
      "version": "1.35.1",
      "systems": {
        "aarch64-darwin": {
          "outputs": [
            {
              "name": "out",
              "path": "/nix/store/1ypz85j177gjwkq2k4rqydqsn8zj0sxq-python3.12-yamllint-1.35.1",
              "default": true
            },
            {
              "name": "dist",
              "path": "/nix/store/xqik7njx28sab9m0cqk0vv7s9df13nsa-python3.12-yamllint-1.35.1-dist"
            }
          ],
          "store_path": "/nix/store/1ypz85j177gjwkq2k4rqydqsn8zj0sxq-python3.12-yamllint-1.35.1"
        },
        "aarch64-linux": {
          "outputs": [
            {
              "name": "out",
              "path": "/nix/store/dhqg2d72rf6lj95q3rl22dsjw7vqlh3s-python3.12-yamllint-1.35.1",
              "default": true
            },
            {
              "name": "dist",
              "path": "/nix/store/d7gba3vhgxy8ylgfs1rpm75wmlbyyjj2-python3.12-yamllint-1.35.1-dist"
            }
          ],
          "store_path": "/nix/store/dhqg2d72rf6lj95q3rl22dsjw7vqlh3s-python3.12-yamllint-1.35.1"
        },
        "x86_64-darwin": {
          "outputs": [
            {
              "name": "out",
              "path": "/nix/store/f3ckklymm29gagpn90nrrrmmhah3i5zc-python3.12-yamllint-1.35.1",
              "default": true
            },
            {
              "name": "dist",
              "path": "/nix/store/vvmygr48vaddnk9pqfdsw7y5bc67p67q-python3.12-yamllint-1.35.1-dist"
            }
          ],
          "store_path": "/nix/store/f3ckklymm29gagpn90nrrrmmhah3i5zc-python3.12-yamllint-1.35.1"
        },
        "x86_64-linux": {
          "outputs": [
            {
              "name": "out",
              "path": "/nix/store/7m7kphan7wjanirlyfp78lkbhpbf7i2l-python3.12-yamllint-1.35.1",
              "default": true
            },
            {
              "name": "dist",
              "path": "/nix/store/6kpzvm6id8avxa3yvc7lyjgw4blw2ns4-python3.12-yamllint-1.35.1-dist"
            }
          ],
          "store_path": "/nix/store/7m7kphan7wjanirlyfp78lkbhpbf7i2l-python3.12-yamllint-1.35.1"
        }
      }
    }
  }
}
