dependencies:
- name: identity-srv
  repository: https://restorecommerce.github.io/charts/
  version: 0.1.30
- name: notification-srv
  repository: https://restorecommerce.github.io/charts/
  version: 0.1.24
- name: access-control-srv
  repository: https://restorecommerce.github.io/charts/
  version: 0.1.29
- name: ostorage-srv
  repository: https://restorecommerce.github.io/charts/
  version: 0.1.24
- name: scheduling-srv
  repository: https://restorecommerce.github.io/charts/
  version: 0.1.20
- name: rendering-srv
  repository: https://restorecommerce.github.io/charts/
  version: 0.1.26
- name: pdf-rendering-srv
  repository: https://restorecommerce.github.io/charts/
  version: 0.1.12
- name: fulfillment-srv
  repository: https://restorecommerce.github.io/charts/
  version: 0.1.14
- name: catalog-srv
  repository: https://restorecommerce.github.io/charts/
  version: 0.1.17
- name: invoicing-srv
  repository: https://restorecommerce.github.io/charts/
  version: 0.1.18
- name: ordering-srv
  repository: https://restorecommerce.github.io/charts/
  version: 0.1.17
- name: payment-srv
  repository: https://restorecommerce.github.io/charts/
  version: 0.1.16
- name: resource-srv
  repository: https://restorecommerce.github.io/charts/
  version: 0.1.17
- name: facade-srv
  repository: https://restorecommerce.github.io/charts/
  version: 0.1.25
- name: cloudserver
  repository: ""
  version: 1.0.4
- name: kafka
  repository: https://charts.bitnami.com/bitnami
  version: 27.1.2
- name: redis
  repository: https://charts.bitnami.com/bitnami
  version: 19.0.1
digest: sha256:64cf941a12b940ce69597eb78014626a35c4665b721079ac908129532ba83be2
generated: "2024-04-23T12:45:06.00613998Z"
