dependencies:
- name: identity-srv
  repository: https://restorecommerce.github.io/charts/
  version: 0.1.38
- name: notification-srv
  repository: https://restorecommerce.github.io/charts/
  version: 0.1.28
- name: access-control-srv
  repository: https://restorecommerce.github.io/charts/
  version: 0.1.33
- name: ostorage-srv
  repository: https://restorecommerce.github.io/charts/
  version: 0.1.27
- name: scheduling-srv
  repository: https://restorecommerce.github.io/charts/
  version: 0.1.22
- name: rendering-srv
  repository: https://restorecommerce.github.io/charts/
  version: 0.1.31
- name: pdf-rendering-srv
  repository: https://restorecommerce.github.io/charts/
  version: 0.2.6
- name: fulfillment-srv
  repository: https://restorecommerce.github.io/charts/
  version: 0.1.21
- name: catalog-srv
  repository: https://restorecommerce.github.io/charts/
  version: 0.1.20
- name: invoicing-srv
  repository: https://restorecommerce.github.io/charts/
  version: 0.1.21
- name: ordering-srv
  repository: https://restorecommerce.github.io/charts/
  version: 0.1.22
- name: payment-srv
  repository: https://restorecommerce.github.io/charts/
  version: 0.1.19
- name: resource-srv
  repository: https://restorecommerce.github.io/charts/
  version: 0.1.22
- name: facade-srv
  repository: https://restorecommerce.github.io/charts/
  version: 0.1.31
- name: cloudserver
  repository: ""
  version: 1.0.4
- name: kafka
  repository: https://charts.bitnami.com/bitnami
  version: 29.0.3
- name: redis
  repository: https://charts.bitnami.com/bitnami
  version: 19.5.0
digest: sha256:81f66e54542e6736b15cd84feafbda1a1cb3a4cb39de76541cf5f4d163e8cedf
generated: "2024-07-01T11:37:45.733784917Z"
